{
  "requires": true,
  "lockfileVersion": 1,
  "dependencies": {
    "vue-devtools": {
      "version": "5.1.3",
      "resolved": "https://registry.npmjs.org/vue-devtools/-/vue-devtools-5.1.3.tgz",
      "integrity": "sha512-5hfJ4JiPn9hL3CFjrmdx6UOqZATjqBYNSC8ZyGgwnqO2jQ4VfX/9k6KZcxPTWeyHDIX7D4BEIYP0fgrJL3RKTw=="
    }
  }
}
